
Microsoft Visual Studio Solution File, Format Version 12.00
# Visual Studio Version 17
VisualStudioVersion = 17.11.35327.3
MinimumVisualStudioVersion = 10.0.40219.1
Project("{FAE04EC0-301F-11D3-BF4B-00C04F79EFBC}") = "ExercisePlanner", "ExercisePlanner\ExercisePlanner.csproj", "{E9E33A12-1CF6-4F19-910C-69285F01E8DA}"
EndProject
Global
	GlobalSection(SolutionConfigurationPlatforms) = preSolution
		Debug|Any CPU = Debug|Any CPU
		Release|Any CPU = Release|Any CPU
	EndGlobalSection
	GlobalSection(ProjectConfigurationPlatforms) = postSolution
		{E9E33A12-1CF6-4F19-910C-69285F01E8DA}.Debug|Any CPU.ActiveCfg = Debug|Any CPU
		{E9E33A12-1CF6-4F19-910C-69285F01E8DA}.Debug|Any CPU.Build.0 = Debug|Any CPU
		{E9E33A12-1CF6-4F19-910C-69285F01E8DA}.Release|Any CPU.ActiveCfg = Release|Any CPU
		{E9E33A12-1CF6-4F19-910C-69285F01E8DA}.Release|Any CPU.Build.0 = Release|Any CPU
	EndGlobalSection
	GlobalSection(SolutionProperties) = preSolution
		HideSolutionNode = FALSE
	EndGlobalSection
	GlobalSection(ExtensibilityGlobals) = postSolution
		SolutionGuid = {F3911C62-6F94-4B93-97FC-5292E4D1EA0B}
	EndGlobalSection
EndGlobal
